
Microsoft Visual Studio Solution File, Format Version 12.00
# Visual Studio Version 16
VisualStudioVersion = 16.0.32106.194
MinimumVisualStudioVersion = 10.0.40219.1
Project("{FAE04EC0-301F-11D3-BF4B-00C04F79EFBC}") = "OOPAndFiles", "OOPAndFiles\OOPAndFiles.csproj", "{6B2056DC-DD01-4B76-AD51-5AB4915510AD}"
EndProject
Project("{FAE04EC0-301F-11D3-BF4B-00C04F79EFBC}") = "Frozen", "Frozen\Frozen.csproj", "{B7A30ED2-DAB5-482D-81EA-A242FC04D824}"
EndProject
Global
	GlobalSection(SolutionConfigurationPlatforms) = preSolution
		Debug|Any CPU = Debug|Any CPU
		Release|Any CPU = Release|Any CPU
	EndGlobalSection
	GlobalSection(ProjectConfigurationPlatforms) = postSolution
		{6B2056DC-DD01-4B76-AD51-5AB4915510AD}.Debug|Any CPU.ActiveCfg = Debug|Any CPU
		{6B2056DC-DD01-4B76-AD51-5AB4915510AD}.Debug|Any CPU.Build.0 = Debug|Any CPU
		{6B2056DC-DD01-4B76-AD51-5AB4915510AD}.Release|Any CPU.ActiveCfg = Release|Any CPU
		{6B2056DC-DD01-4B76-AD51-5AB4915510AD}.Release|Any CPU.Build.0 = Release|Any CPU
		{B7A30ED2-DAB5-482D-81EA-A242FC04D824}.Debug|Any CPU.ActiveCfg = Debug|Any CPU
		{B7A30ED2-DAB5-482D-81EA-A242FC04D824}.Debug|Any CPU.Build.0 = Debug|Any CPU
		{B7A30ED2-DAB5-482D-81EA-A242FC04D824}.Release|Any CPU.ActiveCfg = Release|Any CPU
		{B7A30ED2-DAB5-482D-81EA-A242FC04D824}.Release|Any CPU.Build.0 = Release|Any CPU
	EndGlobalSection
	GlobalSection(SolutionProperties) = preSolution
		HideSolutionNode = FALSE
	EndGlobalSection
	GlobalSection(ExtensibilityGlobals) = postSolution
		SolutionGuid = {435684E4-AC5B-4B18-977D-C34BC65CACFF}
	EndGlobalSection
EndGlobal
